
Microsoft Visual Studio Solution File, Format Version 12.00
# Visual Studio Version 17
VisualStudioVersion = 17.14.36518.9 d17.14
MinimumVisualStudioVersion = 10.0.40219.1
Project("{FAE04EC0-301F-11D3-BF4B-00C04F79EFBC}") = "UniversityApp", "UniversityApp\UniversityApp.csproj", "{2E0D1DC6-2697-442D-8F59-152A335D7485}"
EndProject
Global
	GlobalSection(SolutionConfigurationPlatforms) = preSolution
		Debug|Any CPU = Debug|Any CPU
		Release|Any CPU = Release|Any CPU
	EndGlobalSection
	GlobalSection(ProjectConfigurationPlatforms) = postSolution
		{2E0D1DC6-2697-442D-8F59-152A335D7485}.Debug|Any CPU.ActiveCfg = Debug|Any CPU
		{2E0D1DC6-2697-442D-8F59-152A335D7485}.Debug|Any CPU.Build.0 = Debug|Any CPU
		{2E0D1DC6-2697-442D-8F59-152A335D7485}.Release|Any CPU.ActiveCfg = Release|Any CPU
		{2E0D1DC6-2697-442D-8F59-152A335D7485}.Release|Any CPU.Build.0 = Release|Any CPU
	EndGlobalSection
	GlobalSection(SolutionProperties) = preSolution
		HideSolutionNode = FALSE
	EndGlobalSection
	GlobalSection(ExtensibilityGlobals) = postSolution
		SolutionGuid = {F69F6A64-8801-4B50-9D7F-6B2E025C3DDD}
	EndGlobalSection
EndGlobal
