
Microsoft Visual Studio Solution File, Format Version 12.00
# Visual Studio Version 17
VisualStudioVersion = 17.14.36327.8 d17.14
MinimumVisualStudioVersion = 10.0.40219.1
Project("{FAE04EC0-301F-11D3-BF4B-00C04F79EFBC}") = "Students'Ages", "Students'Ages\Students'Ages.csproj", "{3F901DCE-6762-4B22-B753-251A71C44FC0}"
EndProject
Global
	GlobalSection(SolutionConfigurationPlatforms) = preSolution
		Debug|Any CPU = Debug|Any CPU
		Release|Any CPU = Release|Any CPU
	EndGlobalSection
	GlobalSection(ProjectConfigurationPlatforms) = postSolution
		{3F901DCE-6762-4B22-B753-251A71C44FC0}.Debug|Any CPU.ActiveCfg = Debug|Any CPU
		{3F901DCE-6762-4B22-B753-251A71C44FC0}.Debug|Any CPU.Build.0 = Debug|Any CPU
		{3F901DCE-6762-4B22-B753-251A71C44FC0}.Release|Any CPU.ActiveCfg = Release|Any CPU
		{3F901DCE-6762-4B22-B753-251A71C44FC0}.Release|Any CPU.Build.0 = Release|Any CPU
	EndGlobalSection
	GlobalSection(SolutionProperties) = preSolution
		HideSolutionNode = FALSE
	EndGlobalSection
	GlobalSection(ExtensibilityGlobals) = postSolution
		SolutionGuid = {4C9D9A3E-CD8D-43AC-A6E4-2431B13B198F}
	EndGlobalSection
EndGlobal
